{
  "nodes": {
    "application-builders": {
      "inputs": {
        "nix-colors": "nix-colors",
        "nixpkgs": [
          "neovim",
          "nixpkgs"
        ]
      },
      "locked": {
        "lastModified": 1719652132,
        "narHash": "sha256-wq+z8SEmu7noKq15/Y+gpc7/sncAad1y/AWfUrYcRXQ=",
        "owner": "hcssmith",
        "repo": "application-builders",
        "rev": "e47f18630925e9882312a802fb333e09f24a4088",
        "type": "github"
      },
      "original": {
        "owner": "hcssmith",
        "repo": "application-builders",
        "type": "github"
      }
    },
    "application-builders_2": {
      "inputs": {
        "nix-colors": "nix-colors_2",
        "nixpkgs": [
          "nushell",
          "nixpkgs"
        ]
      },
      "locked": {
        "lastModified": 1720792298,
        "narHash": "sha256-VyQ+0E94GwgXnu7EjVYhvnly7ZS9PEpcWk5Yc2h1vrk=",
        "owner": "hcssmith",
        "repo": "application-builders",
        "rev": "c42e68e948b6817a054323b927a883868b88a05e",
        "type": "github"
      },
      "original": {
        "owner": "hcssmith",
        "repo": "application-builders",
        "type": "github"
      }
    },
    "application-builders_3": {
      "inputs": {
        "nix-colors": "nix-colors_3",
        "nixpkgs": [
          "tmux",
          "nixpkgs"
        ]
      },
      "locked": {
        "lastModified": 1718783114,
        "narHash": "sha256-GxjJ5XG1mTYW89JXniuaKsbRg6DM6Kp75Hd7grcJ3wA=",
        "owner": "hcssmith",
        "repo": "application-builders",
        "rev": "4b556f9ae9e20b97395a2ce8698eb466f9cb1cde",
        "type": "github"
      },
      "original": {
        "owner": "hcssmith",
        "repo": "application-builders",
        "type": "github"
      }
    },
    "application-builders_4": {
      "inputs": {
        "nix-colors": "nix-colors_4",
        "nixpkgs": [
          "wezterm",
          "nixpkgs"
        ]
      },
      "locked": {
        "lastModified": 1724702579,
        "narHash": "sha256-PH0uwyHEiGU0V2k0LM/eeZ4zRGek+iGB5FtGs7XJkk4=",
        "owner": "hcssmith",
        "repo": "application-builders",
        "rev": "a4f7fbd748c84bbf86fe098955ead3ccfc701c4a",
        "type": "github"
      },
      "original": {
        "owner": "hcssmith",
        "repo": "application-builders",
        "type": "github"
      }
    },
    "base16-schemes": {
      "flake": false,
      "locked": {
        "lastModified": 1696158499,
        "narHash": "sha256-5yIHgDTPjoX/3oDEfLSQ0eJZdFL1SaCfb9d6M0RmOTM=",
        "owner": "tinted-theming",
        "repo": "base16-schemes",
        "rev": "a9112eaae86d9dd8ee6bb9445b664fba2f94037a",
        "type": "github"
      },
      "original": {
        "owner": "tinted-theming",
        "repo": "base16-schemes",
        "type": "github"
      }
    },
    "base16-schemes_2": {
      "flake": false,
      "locked": {
        "lastModified": 1696158499,
        "narHash": "sha256-5yIHgDTPjoX/3oDEfLSQ0eJZdFL1SaCfb9d6M0RmOTM=",
        "owner": "tinted-theming",
        "repo": "base16-schemes",
        "rev": "a9112eaae86d9dd8ee6bb9445b664fba2f94037a",
        "type": "github"
      },
      "original": {
        "owner": "tinted-theming",
        "repo": "base16-schemes",
        "type": "github"
      }
    },
    "base16-schemes_3": {
      "flake": false,
      "locked": {
        "lastModified": 1696158499,
        "narHash": "sha256-5yIHgDTPjoX/3oDEfLSQ0eJZdFL1SaCfb9d6M0RmOTM=",
        "owner": "tinted-theming",
        "repo": "base16-schemes",
        "rev": "a9112eaae86d9dd8ee6bb9445b664fba2f94037a",
        "type": "github"
      },
      "original": {
        "owner": "tinted-theming",
        "repo": "base16-schemes",
        "type": "github"
      }
    },
    "base16-schemes_4": {
      "flake": false,
      "locked": {
        "lastModified": 1696158499,
        "narHash": "sha256-5yIHgDTPjoX/3oDEfLSQ0eJZdFL1SaCfb9d6M0RmOTM=",
        "owner": "tinted-theming",
        "repo": "base16-schemes",
        "rev": "a9112eaae86d9dd8ee6bb9445b664fba2f94037a",
        "type": "github"
      },
      "original": {
        "owner": "tinted-theming",
        "repo": "base16-schemes",
        "type": "github"
      }
    },
    "flake-compat": {
      "flake": false,
      "locked": {
        "lastModified": 1696426674,
        "narHash": "sha256-kvjfFW7WAETZlt09AgDn1MrtKzP7t90Vf7vypd3OL1U=",
        "owner": "edolstra",
        "repo": "flake-compat",
        "rev": "0f9255e01c2351cc7d116c072cb317785dd33b33",
        "type": "github"
      },
      "original": {
        "owner": "edolstra",
        "repo": "flake-compat",
        "type": "github"
      }
    },
    "flake-compat_2": {
      "flake": false,
      "locked": {
        "lastModified": 1696426674,
        "narHash": "sha256-kvjfFW7WAETZlt09AgDn1MrtKzP7t90Vf7vypd3OL1U=",
        "owner": "edolstra",
        "repo": "flake-compat",
        "rev": "0f9255e01c2351cc7d116c072cb317785dd33b33",
        "type": "github"
      },
      "original": {
        "owner": "edolstra",
        "repo": "flake-compat",
        "type": "github"
      }
    },
    "flake-lib": {
      "inputs": {
        "nixpkgs": [
          "neovim",
          "nixpkgs"
        ],
        "systems": "systems"
      },
      "locked": {
        "lastModified": 1718467432,
        "narHash": "sha256-5kOdjmvf7WrA37ScJIpRk6av0Io13tH4pUQUi+w78Ro=",
        "owner": "hcssmith",
        "repo": "flake-lib",
        "rev": "d4c4df172060142edc75b6f9fef374087b29b0d1",
        "type": "github"
      },
      "original": {
        "owner": "hcssmith",
        "repo": "flake-lib",
        "type": "github"
      }
    },
    "flake-lib_2": {
      "inputs": {
        "nixpkgs": [
          "nushell",
          "nixpkgs"
        ],
        "systems": "systems_2"
      },
      "locked": {
        "lastModified": 1718468805,
        "narHash": "sha256-AR9Om7jguFp8hoYrruY9y8dqSEbwuroWsHG37dalX+M=",
        "owner": "hcssmith",
        "repo": "flake-lib",
        "rev": "4763c3bc2a84739a5a5461b6b77a19bb7f4bacc3",
        "type": "github"
      },
      "original": {
        "owner": "hcssmith",
        "repo": "flake-lib",
        "type": "github"
      }
    },
    "flake-lib_3": {
      "inputs": {
        "nixpkgs": [
          "picom",
          "nixpkgs"
        ],
        "systems": "systems_3"
      },
      "locked": {
        "lastModified": 1718468805,
        "narHash": "sha256-AR9Om7jguFp8hoYrruY9y8dqSEbwuroWsHG37dalX+M=",
        "owner": "hcssmith",
        "repo": "flake-lib",
        "rev": "4763c3bc2a84739a5a5461b6b77a19bb7f4bacc3",
        "type": "github"
      },
      "original": {
        "owner": "hcssmith",
        "repo": "flake-lib",
        "type": "github"
      }
    },
    "flake-lib_4": {
      "inputs": {
        "nixpkgs": [
          "plan9",
          "nixpkgs"
        ],
        "systems": "systems_4"
      },
      "locked": {
        "lastModified": 1718468805,
        "narHash": "sha256-AR9Om7jguFp8hoYrruY9y8dqSEbwuroWsHG37dalX+M=",
        "owner": "hcssmith",
        "repo": "flake-lib",
        "rev": "4763c3bc2a84739a5a5461b6b77a19bb7f4bacc3",
        "type": "github"
      },
      "original": {
        "owner": "hcssmith",
        "repo": "flake-lib",
        "type": "github"
      }
    },
    "flake-lib_5": {
      "inputs": {
        "nixpkgs": [
          "tmux",
          "nixpkgs"
        ],
        "systems": "systems_5"
      },
      "locked": {
        "lastModified": 1718467432,
        "narHash": "sha256-5kOdjmvf7WrA37ScJIpRk6av0Io13tH4pUQUi+w78Ro=",
        "owner": "hcssmith",
        "repo": "flake-lib",
        "rev": "d4c4df172060142edc75b6f9fef374087b29b0d1",
        "type": "github"
      },
      "original": {
        "owner": "hcssmith",
        "repo": "flake-lib",
        "type": "github"
      }
    },
    "flake-lib_6": {
      "inputs": {
        "nixpkgs": [
          "wezterm",
          "nixpkgs"
        ],
        "systems": "systems_6"
      },
      "locked": {
        "lastModified": 1718468805,
        "narHash": "sha256-AR9Om7jguFp8hoYrruY9y8dqSEbwuroWsHG37dalX+M=",
        "owner": "hcssmith",
        "repo": "flake-lib",
        "rev": "4763c3bc2a84739a5a5461b6b77a19bb7f4bacc3",
        "type": "github"
      },
      "original": {
        "owner": "hcssmith",
        "repo": "flake-lib",
        "type": "github"
      }
    },
    "flake-parts": {
      "inputs": {
        "nixpkgs-lib": [
          "neovim",
          "neovim-nightly-overlay",
          "nixpkgs"
        ]
      },
      "locked": {
        "lastModified": 1722555600,
        "narHash": "sha256-XOQkdLafnb/p9ij77byFQjDf5m5QYl9b2REiVClC+x4=",
        "owner": "hercules-ci",
        "repo": "flake-parts",
        "rev": "8471fe90ad337a8074e957b69ca4d0089218391d",
        "type": "github"
      },
      "original": {
        "owner": "hercules-ci",
        "repo": "flake-parts",
        "type": "github"
      }
    },
    "flake-parts_2": {
      "inputs": {
        "nixpkgs-lib": [
          "neovim",
          "neovim-nightly-overlay",
          "hercules-ci-effects",
          "nixpkgs"
        ]
      },
      "locked": {
        "lastModified": 1712014858,
        "narHash": "sha256-sB4SWl2lX95bExY2gMFG5HIzvva5AVMJd4Igm+GpZNw=",
        "owner": "hercules-ci",
        "repo": "flake-parts",
        "rev": "9126214d0a59633752a136528f5f3b9aa8565b7d",
        "type": "github"
      },
      "original": {
        "id": "flake-parts",
        "type": "indirect"
      }
    },
    "flake-utils": {
      "locked": {
        "lastModified": 1659877975,
        "narHash": "sha256-zllb8aq3YO3h8B/U0/J1WBgAL8EX5yWf5pMj3G0NAmc=",
        "owner": "numtide",
        "repo": "flake-utils",
        "rev": "c0e246b9b83f637f4681389ecabcb2681b4f3af0",
        "type": "github"
      },
      "original": {
        "owner": "numtide",
        "repo": "flake-utils",
        "type": "github"
      }
    },
    "git-hooks": {
      "inputs": {
        "flake-compat": "flake-compat_2",
        "gitignore": "gitignore",
        "nixpkgs": [
          "neovim",
          "neovim-nightly-overlay",
          "nixpkgs"
        ],
        "nixpkgs-stable": [
          "neovim",
          "neovim-nightly-overlay",
          "nixpkgs"
        ]
      },
      "locked": {
        "lastModified": 1724440431,
        "narHash": "sha256-9etXEOUtzeMgqg1u0wp+EdwG7RpmrAZ2yX516bMj2aE=",
        "owner": "cachix",
        "repo": "git-hooks.nix",
        "rev": "c8a54057aae480c56e28ef3e14e4960628ac495b",
        "type": "github"
      },
      "original": {
        "owner": "cachix",
        "repo": "git-hooks.nix",
        "type": "github"
      }
    },
    "gitignore": {
      "inputs": {
        "nixpkgs": [
          "neovim",
          "neovim-nightly-overlay",
          "git-hooks",
          "nixpkgs"
        ]
      },
      "locked": {
        "lastModified": 1709087332,
        "narHash": "sha256-HG2cCnktfHsKV0s4XW83gU3F57gaTljL9KNSuG6bnQs=",
        "owner": "hercules-ci",
        "repo": "gitignore.nix",
        "rev": "637db329424fd7e46cf4185293b9cc8c88c95394",
        "type": "github"
      },
      "original": {
        "owner": "hercules-ci",
        "repo": "gitignore.nix",
        "type": "github"
      }
    },
    "hercules-ci-effects": {
      "inputs": {
        "flake-parts": "flake-parts_2",
        "nixpkgs": [
          "neovim",
          "neovim-nightly-overlay",
          "nixpkgs"
        ]
      },
      "locked": {
        "lastModified": 1719226092,
        "narHash": "sha256-YNkUMcCUCpnULp40g+svYsaH1RbSEj6s4WdZY/SHe38=",
        "owner": "hercules-ci",
        "repo": "hercules-ci-effects",
        "rev": "11e4b8dc112e2f485d7c97e1cee77f9958f498f5",
        "type": "github"
      },
      "original": {
        "owner": "hercules-ci",
        "repo": "hercules-ci-effects",
        "type": "github"
      }
    },
    "home-manager": {
      "inputs": {
        "nixpkgs": [
          "nixpkgs"
        ]
      },
      "locked": {
        "lastModified": 1723986931,
        "narHash": "sha256-Fy+KEvDQ+Hc8lJAV3t6leXhZJ2ncU5/esxkgt3b8DEY=",
        "owner": "nix-community",
        "repo": "home-manager",
        "rev": "2598861031b78aadb4da7269df7ca9ddfc3e1671",
        "type": "github"
      },
      "original": {
        "owner": "nix-community",
        "repo": "home-manager",
        "type": "github"
      }
    },
    "neovim": {
      "inputs": {
        "application-builders": "application-builders",
        "flake-lib": "flake-lib",
        "neovim-nightly-overlay": "neovim-nightly-overlay",
        "nixpkgs": [
          "nixpkgs"
        ]
      },
      "locked": {
        "lastModified": 1724599928,
        "narHash": "sha256-Y49PgcOTmGihTi/hyZ/MHLBqrYNhltlOswrgR/E8pSA=",
        "owner": "hcssmith",
        "repo": "neovim.drv",
        "rev": "2cc03756c4c943230925fb5cde53f86da95e5892",
        "type": "github"
      },
      "original": {
        "owner": "hcssmith",
        "repo": "neovim.drv",
        "type": "github"
      }
    },
    "neovim-nightly-overlay": {
      "inputs": {
        "flake-compat": "flake-compat",
        "flake-parts": "flake-parts",
        "git-hooks": "git-hooks",
        "hercules-ci-effects": "hercules-ci-effects",
        "neovim-src": "neovim-src",
        "nixpkgs": [
          "neovim",
          "nixpkgs"
        ]
      },
      "locked": {
        "lastModified": 1724575478,
        "narHash": "sha256-8jWDD3SI5Xmi3x7PiAmGQSNjIkMoT9UFwhIAF8IzA8s=",
        "owner": "nix-community",
        "repo": "neovim-nightly-overlay",
        "rev": "d7860e03b1849714482eceff96433bf2d9fbeb68",
        "type": "github"
      },
      "original": {
        "owner": "nix-community",
        "repo": "neovim-nightly-overlay",
        "type": "github"
      }
    },
    "neovim-src": {
      "flake": false,
      "locked": {
        "lastModified": 1724537263,
        "narHash": "sha256-Gvx0buJ7kFv1LzgKzhy9LjVfDI149+1KkeaH7kJn/Zs=",
        "owner": "neovim",
        "repo": "neovim",
        "rev": "cf44121f7fb6f55a22e644a1e5e1f1dc6b90c27a",
        "type": "github"
      },
      "original": {
        "owner": "neovim",
        "repo": "neovim",
        "type": "github"
      }
    },
    "nix-colors": {
      "inputs": {
        "base16-schemes": "base16-schemes",
        "nixpkgs-lib": "nixpkgs-lib"
      },
      "locked": {
        "lastModified": 1707825078,
        "narHash": "sha256-hTfge2J2W+42SZ7VHXkf4kjU+qzFqPeC9k66jAUBMHk=",
        "owner": "misterio77",
        "repo": "nix-colors",
        "rev": "b01f024090d2c4fc3152cd0cf12027a7b8453ba1",
        "type": "github"
      },
      "original": {
        "owner": "misterio77",
        "repo": "nix-colors",
        "type": "github"
      }
    },
    "nix-colors_2": {
      "inputs": {
        "base16-schemes": "base16-schemes_2",
        "nixpkgs-lib": "nixpkgs-lib_2"
      },
      "locked": {
        "lastModified": 1707825078,
        "narHash": "sha256-hTfge2J2W+42SZ7VHXkf4kjU+qzFqPeC9k66jAUBMHk=",
        "owner": "misterio77",
        "repo": "nix-colors",
        "rev": "b01f024090d2c4fc3152cd0cf12027a7b8453ba1",
        "type": "github"
      },
      "original": {
        "owner": "misterio77",
        "repo": "nix-colors",
        "type": "github"
      }
    },
    "nix-colors_3": {
      "inputs": {
        "base16-schemes": "base16-schemes_3",
        "nixpkgs-lib": "nixpkgs-lib_3"
      },
      "locked": {
        "lastModified": 1707825078,
        "narHash": "sha256-hTfge2J2W+42SZ7VHXkf4kjU+qzFqPeC9k66jAUBMHk=",
        "owner": "misterio77",
        "repo": "nix-colors",
        "rev": "b01f024090d2c4fc3152cd0cf12027a7b8453ba1",
        "type": "github"
      },
      "original": {
        "owner": "misterio77",
        "repo": "nix-colors",
        "type": "github"
      }
    },
    "nix-colors_4": {
      "inputs": {
        "base16-schemes": "base16-schemes_4",
        "nixpkgs-lib": "nixpkgs-lib_4"
      },
      "locked": {
        "lastModified": 1707825078,
        "narHash": "sha256-hTfge2J2W+42SZ7VHXkf4kjU+qzFqPeC9k66jAUBMHk=",
        "owner": "misterio77",
        "repo": "nix-colors",
        "rev": "b01f024090d2c4fc3152cd0cf12027a7b8453ba1",
        "type": "github"
      },
      "original": {
        "owner": "misterio77",
        "repo": "nix-colors",
        "type": "github"
      }
    },
    "nixgl": {
      "inputs": {
        "flake-utils": "flake-utils",
        "nixpkgs": "nixpkgs"
      },
      "locked": {
        "lastModified": 1713543440,
        "narHash": "sha256-lnzZQYG0+EXl/6NkGpyIz+FEOc/DSEG57AP1VsdeNrM=",
        "owner": "nix-community",
        "repo": "nixGL",
        "rev": "310f8e49a149e4c9ea52f1adf70cdc768ec53f8a",
        "type": "github"
      },
      "original": {
        "owner": "nix-community",
        "repo": "nixGL",
        "type": "github"
      }
    },
    "nixpkgs": {
      "locked": {
        "lastModified": 1660551188,
        "narHash": "sha256-a1LARMMYQ8DPx1BgoI/UN4bXe12hhZkCNqdxNi6uS0g=",
        "owner": "nixos",
        "repo": "nixpkgs",
        "rev": "441dc5d512153039f19ef198e662e4f3dbb9fd65",
        "type": "github"
      },
      "original": {
        "owner": "nixos",
        "repo": "nixpkgs",
        "type": "github"
      }
    },
    "nixpkgs-lib": {
      "locked": {
        "lastModified": 1697935651,
        "narHash": "sha256-qOfWjQ2JQSQL15KLh6D7xQhx0qgZlYZTYlcEiRuAMMw=",
        "owner": "nix-community",
        "repo": "nixpkgs.lib",
        "rev": "e1e11fdbb01113d85c7f41cada9d2847660e3902",
        "type": "github"
      },
      "original": {
        "owner": "nix-community",
        "repo": "nixpkgs.lib",
        "type": "github"
      }
    },
    "nixpkgs-lib_2": {
      "locked": {
        "lastModified": 1697935651,
        "narHash": "sha256-qOfWjQ2JQSQL15KLh6D7xQhx0qgZlYZTYlcEiRuAMMw=",
        "owner": "nix-community",
        "repo": "nixpkgs.lib",
        "rev": "e1e11fdbb01113d85c7f41cada9d2847660e3902",
        "type": "github"
      },
      "original": {
        "owner": "nix-community",
        "repo": "nixpkgs.lib",
        "type": "github"
      }
    },
    "nixpkgs-lib_3": {
      "locked": {
        "lastModified": 1697935651,
        "narHash": "sha256-qOfWjQ2JQSQL15KLh6D7xQhx0qgZlYZTYlcEiRuAMMw=",
        "owner": "nix-community",
        "repo": "nixpkgs.lib",
        "rev": "e1e11fdbb01113d85c7f41cada9d2847660e3902",
        "type": "github"
      },
      "original": {
        "owner": "nix-community",
        "repo": "nixpkgs.lib",
        "type": "github"
      }
    },
    "nixpkgs-lib_4": {
      "locked": {
        "lastModified": 1697935651,
        "narHash": "sha256-qOfWjQ2JQSQL15KLh6D7xQhx0qgZlYZTYlcEiRuAMMw=",
        "owner": "nix-community",
        "repo": "nixpkgs.lib",
        "rev": "e1e11fdbb01113d85c7f41cada9d2847660e3902",
        "type": "github"
      },
      "original": {
        "owner": "nix-community",
        "repo": "nixpkgs.lib",
        "type": "github"
      }
    },
    "nixpkgs_2": {
      "locked": {
        "lastModified": 1724324868,
        "narHash": "sha256-wTPJsZPdwahXCMctvKjcnpywMXA8zQ4PfrbW7dDgTiA=",
        "owner": "hcssmith",
        "repo": "nixpkgs",
        "rev": "e2929b37cdb2ccf450ab100e940a1597cc28daad",
        "type": "github"
      },
      "original": {
        "owner": "hcssmith",
        "repo": "nixpkgs",
        "type": "github"
      }
    },
    "nixpkgs_stable": {
      "locked": {
        "lastModified": 1701282334,
        "narHash": "sha256-MxCVrXY6v4QmfTwIysjjaX0XUhqBbxTWWB4HXtDYsdk=",
        "owner": "nixos",
        "repo": "nixpkgs",
        "rev": "057f9aecfb71c4437d2b27d3323df7f93c010b7e",
        "type": "github"
      },
      "original": {
        "owner": "nixos",
        "ref": "23.11",
        "repo": "nixpkgs",
        "type": "github"
      }
    },
    "nur": {
      "locked": {
        "lastModified": 1724316478,
        "narHash": "sha256-/0kjooxcQXl+4qHsI72gqEY2nDRhpgaLlMTynMJdU+w=",
        "owner": "nix-community",
        "repo": "NUR",
        "rev": "56c0db03b58ea9c351f6664a055f751b7300805c",
        "type": "github"
      },
      "original": {
        "owner": "nix-community",
        "ref": "master",
        "repo": "NUR",
        "type": "github"
      }
    },
    "nushell": {
      "inputs": {
        "application-builders": "application-builders_2",
        "flake-lib": "flake-lib_2",
        "nixpkgs": [
          "nixpkgs"
        ]
      },
      "locked": {
        "lastModified": 1721169601,
        "narHash": "sha256-LVmRdvtmicR61sfj96Fh81OA1E1JxP+mSvPhBe+Xqok=",
        "owner": "hcssmith",
        "repo": "nushell.drv",
        "rev": "582accb0440aeaa75e9761ef7586e5a321916fd6",
        "type": "github"
      },
      "original": {
        "owner": "hcssmith",
        "repo": "nushell.drv",
        "type": "github"
      }
    },
    "picom": {
      "inputs": {
        "flake-lib": "flake-lib_3",
        "nixpkgs": [
          "nixpkgs"
        ]
      },
      "locked": {
        "lastModified": 1721945761,
        "narHash": "sha256-vPqKtm9IcPkjuE4RTI9UQjTD9xP0q24w8o9/MH5lJMY=",
        "owner": "hcssmith",
        "repo": "picom.drv",
        "rev": "975094df33e3699f2f6bd51a5b058666af9588ba",
        "type": "github"
      },
      "original": {
        "owner": "hcssmith",
        "repo": "picom.drv",
        "type": "github"
      }
    },
    "plan9": {
      "inputs": {
        "flake-lib": "flake-lib_4",
        "nixpkgs": [
          "nixpkgs"
        ]
      },
      "locked": {
        "lastModified": 1725659097,
        "narHash": "sha256-9eI9I86spJj/yeaMfHyaCikVfeWN/PXKLJrYBrnDjhc=",
        "owner": "hcssmith",
        "repo": "plan9.drv",
        "rev": "1ac8c2f35717b9fc0d2bdb8b8248b0d2bedba7ba",
        "type": "github"
      },
      "original": {
        "owner": "hcssmith",
        "repo": "plan9.drv",
        "type": "github"
      }
    },
    "root": {
      "inputs": {
        "home-manager": "home-manager",
        "neovim": "neovim",
        "nixgl": "nixgl",
        "nixpkgs": "nixpkgs_2",
        "nixpkgs_stable": "nixpkgs_stable",
        "nur": "nur",
        "nushell": "nushell",
        "picom": "picom",
        "plan9": "plan9",
        "tmux": "tmux",
        "wezterm": "wezterm"
      }
    },
    "systems": {
      "locked": {
        "lastModified": 1681028828,
        "narHash": "sha256-Vy1rq5AaRuLzOxct8nz4T6wlgyUR7zLU309k9mBC768=",
        "owner": "nix-systems",
        "repo": "default",
        "rev": "da67096a3b9bf56a91d16901293e51ba5b49a27e",
        "type": "github"
      },
      "original": {
        "owner": "nix-systems",
        "repo": "default",
        "type": "github"
      }
    },
    "systems_2": {
      "locked": {
        "lastModified": 1681028828,
        "narHash": "sha256-Vy1rq5AaRuLzOxct8nz4T6wlgyUR7zLU309k9mBC768=",
        "owner": "nix-systems",
        "repo": "default",
        "rev": "da67096a3b9bf56a91d16901293e51ba5b49a27e",
        "type": "github"
      },
      "original": {
        "owner": "nix-systems",
        "repo": "default",
        "type": "github"
      }
    },
    "systems_3": {
      "locked": {
        "lastModified": 1681028828,
        "narHash": "sha256-Vy1rq5AaRuLzOxct8nz4T6wlgyUR7zLU309k9mBC768=",
        "owner": "nix-systems",
        "repo": "default",
        "rev": "da67096a3b9bf56a91d16901293e51ba5b49a27e",
        "type": "github"
      },
      "original": {
        "owner": "nix-systems",
        "repo": "default",
        "type": "github"
      }
    },
    "systems_4": {
      "locked": {
        "lastModified": 1681028828,
        "narHash": "sha256-Vy1rq5AaRuLzOxct8nz4T6wlgyUR7zLU309k9mBC768=",
        "owner": "nix-systems",
        "repo": "default",
        "rev": "da67096a3b9bf56a91d16901293e51ba5b49a27e",
        "type": "github"
      },
      "original": {
        "owner": "nix-systems",
        "repo": "default",
        "type": "github"
      }
    },
    "systems_5": {
      "locked": {
        "lastModified": 1681028828,
        "narHash": "sha256-Vy1rq5AaRuLzOxct8nz4T6wlgyUR7zLU309k9mBC768=",
        "owner": "nix-systems",
        "repo": "default",
        "rev": "da67096a3b9bf56a91d16901293e51ba5b49a27e",
        "type": "github"
      },
      "original": {
        "owner": "nix-systems",
        "repo": "default",
        "type": "github"
      }
    },
    "systems_6": {
      "locked": {
        "lastModified": 1681028828,
        "narHash": "sha256-Vy1rq5AaRuLzOxct8nz4T6wlgyUR7zLU309k9mBC768=",
        "owner": "nix-systems",
        "repo": "default",
        "rev": "da67096a3b9bf56a91d16901293e51ba5b49a27e",
        "type": "github"
      },
      "original": {
        "owner": "nix-systems",
        "repo": "default",
        "type": "github"
      }
    },
    "tmux": {
      "inputs": {
        "application-builders": "application-builders_3",
        "flake-lib": "flake-lib_5",
        "nixpkgs": [
          "nixpkgs"
        ]
      },
      "locked": {
        "lastModified": 1724316308,
        "narHash": "sha256-qz5yw+pS4AJbI9kZZOaV1sNoNa4naRF4S1UdM7VHdN4=",
        "owner": "hcssmith",
        "repo": "tmux.drv",
        "rev": "0abef42f2cd61ba4899477272973faee08645f09",
        "type": "github"
      },
      "original": {
        "owner": "hcssmith",
        "repo": "tmux.drv",
        "type": "github"
      }
    },
    "wezterm": {
      "inputs": {
        "application-builders": "application-builders_4",
        "flake-lib": "flake-lib_6",
        "nixpkgs": [
          "nixpkgs"
        ]
      },
      "locked": {
        "lastModified": 1724702708,
        "narHash": "sha256-Z2dOr9/HoQTwpNIQcZsbPqh7g/pHR90noDz0gDtZvXQ=",
        "owner": "hcssmith",
        "repo": "wezterm.drv",
        "rev": "7d5ae98f0bd48b9dc84be37420f8c83c882fab38",
        "type": "github"
      },
      "original": {
        "owner": "hcssmith",
        "repo": "wezterm.drv",
        "type": "github"
      }
    }
  },
  "root": "root",
  "version": 7
}
